
Microsoft Visual Studio Solution File, Format Version 12.00
# Visual Studio Version 17
VisualStudioVersion = 17.13.35806.99 d17.13
MinimumVisualStudioVersion = 10.0.40219.1
Project("{FAE04EC0-301F-11D3-BF4B-00C04F79EFBC}") = "Portfolio", "Portfolio.csproj", "{BC91B096-0C14-4BED-858C-C1C20DEDE525}"
EndProject
Global
	GlobalSection(SolutionConfigurationPlatforms) = preSolution
		Debug|Any CPU = Debug|Any CPU
		Release|Any CPU = Release|Any CPU
	EndGlobalSection
	GlobalSection(ProjectConfigurationPlatforms) = postSolution
		{BC91B096-0C14-4BED-858C-C1C20DEDE525}.Debug|Any CPU.ActiveCfg = Debug|Any CPU
		{BC91B096-0C14-4BED-858C-C1C20DEDE525}.Debug|Any CPU.Build.0 = Debug|Any CPU
		{BC91B096-0C14-4BED-858C-C1C20DEDE525}.Release|Any CPU.ActiveCfg = Release|Any CPU
		{BC91B096-0C14-4BED-858C-C1C20DEDE525}.Release|Any CPU.Build.0 = Release|Any CPU
	EndGlobalSection
	GlobalSection(SolutionProperties) = preSolution
		HideSolutionNode = FALSE
	EndGlobalSection
	GlobalSection(ExtensibilityGlobals) = postSolution
		SolutionGuid = {24A018F4-F7F1-4560-B725-C62258F45903}
	EndGlobalSection
EndGlobal
